dependencies:
  dernasherbrezon/sx127x:
    component_hash: 98fa3fd80e015566ff47ecb4bf5d0d096fb25958f2345e1d440adb1ce8351349
    source:
      service_url: https://api.components.espressif.com/
      type: service
    version: 3.1.2
  espressif/mdns:
    component_hash: 810ec139689ae93bf42520d05de4855fbb68f7140ef67797d91d8d61829589cb
    source:
      service_url: https://api.components.espressif.com/
      type: service
    version: 1.2.2
  espressif/ssd1306:
    component_hash: bb9d18fd14ba2b11ca7ce426fc059e3ae7c44e7635e3a62eeae9e44c2ca0db46
    source:
      service_url: https://api.components.espressif.com/
      type: service
    version: 1.0.5
  idf:
    component_hash: null
    source:
      type: idf
    version: 5.1.0
manifest_hash: 88edcaa4f980b90e7ba2f754a29a5437615291711527c82c28ed77b312d4138b
target: esp32
version: 1.0.0
