dependencies:
  dernasherbrezon/sx127x:
    component_hash: 98fa3fd80e015566ff47ecb4bf5d0d096fb25958f2345e1d440adb1ce8351349
    source:
      service_url: https://api.components.espressif.com/
      type: service
    version: 3.1.2
  espressif/mdns:
    component_hash: 810ec139689ae93bf42520d05de4855fbb68f7140ef67797d91d8d61829589cb
    source:
      service_url: https://api.components.espressif.com/
      type: service
    version: 1.2.2
  espressif/ssd1306:
    component_hash: bb9d18fd14ba2b11ca7ce426fc059e3ae7c44e7635e3a62eeae9e44c2ca0db46
    source:
      service_url: https://api.components.espressif.com/
      type: service
    version: 1.0.5
  idf:
    component_hash: null
    source:
      type: idf
    version: 5.1.2
manifest_hash: 0c11a1d8b09ee546681c585e85f53fe7adc85ec9f4a83927c4fd0d560d6cc65c
target: esp32
version: 1.0.0
